
Microsoft Visual Studio Solution File, Format Version 12.00
# Visual Studio Version 17
VisualStudioVersion = 17.5.33516.290
MinimumVisualStudioVersion = 10.0.40219.1
Project("{FAE04EC0-301F-11D3-BF4B-00C04F79EFBC}") = "Renzone", "Renzone\Renzone.csproj", "{FAE1FA89-B0C8-42EF-AD9E-72FC9AB638DC}"
EndProject
Global
	GlobalSection(SolutionConfigurationPlatforms) = preSolution
		Debug|Any CPU = Debug|Any CPU
		Release|Any CPU = Release|Any CPU
	EndGlobalSection
	GlobalSection(ProjectConfigurationPlatforms) = postSolution
		{FAE1FA89-B0C8-42EF-AD9E-72FC9AB638DC}.Debug|Any CPU.ActiveCfg = Debug|Any CPU
		{FAE1FA89-B0C8-42EF-AD9E-72FC9AB638DC}.Debug|Any CPU.Build.0 = Debug|Any CPU
		{FAE1FA89-B0C8-42EF-AD9E-72FC9AB638DC}.Release|Any CPU.ActiveCfg = Release|Any CPU
		{FAE1FA89-B0C8-42EF-AD9E-72FC9AB638DC}.Release|Any CPU.Build.0 = Release|Any CPU
	EndGlobalSection
	GlobalSection(SolutionProperties) = preSolution
		HideSolutionNode = FALSE
	EndGlobalSection
	GlobalSection(ExtensibilityGlobals) = postSolution
		SolutionGuid = {48E146EF-41BB-47DD-BA77-1325450AA135}
	EndGlobalSection
EndGlobal
